
Microsoft Visual Studio Solution File, Format Version 12.00
# Visual Studio Version 17
VisualStudioVersion = 17.7.34031.279
MinimumVisualStudioVersion = 10.0.40219.1
Project("{FAE04EC0-301F-11D3-BF4B-00C04F79EFBC}") = "PruebaTecnica2", "PruebaTecnica2\PruebaTecnica2.csproj", "{77123FC1-3D8E-4523-8AC6-645D0367DC3B}"
EndProject
Global
	GlobalSection(SolutionConfigurationPlatforms) = preSolution
		Debug|Any CPU = Debug|Any CPU
		Release|Any CPU = Release|Any CPU
	EndGlobalSection
	GlobalSection(ProjectConfigurationPlatforms) = postSolution
		{77123FC1-3D8E-4523-8AC6-645D0367DC3B}.Debug|Any CPU.ActiveCfg = Debug|Any CPU
		{77123FC1-3D8E-4523-8AC6-645D0367DC3B}.Debug|Any CPU.Build.0 = Debug|Any CPU
		{77123FC1-3D8E-4523-8AC6-645D0367DC3B}.Release|Any CPU.ActiveCfg = Release|Any CPU
		{77123FC1-3D8E-4523-8AC6-645D0367DC3B}.Release|Any CPU.Build.0 = Release|Any CPU
	EndGlobalSection
	GlobalSection(SolutionProperties) = preSolution
		HideSolutionNode = FALSE
	EndGlobalSection
	GlobalSection(ExtensibilityGlobals) = postSolution
		SolutionGuid = {FC8EF8EC-F409-4959-B098-8AE33A925C05}
	EndGlobalSection
EndGlobal
